
Microsoft Visual Studio Solution File, Format Version 12.00
# Visual Studio 14
VisualStudioVersion = 14.0.25420.1
MinimumVisualStudioVersion = 10.0.40219.1
Project("{FAE04EC0-301F-11D3-BF4B-00C04F79EFBC}") = "Cheetah.ExampleViewer", "Cheetah.ExampleViewer\Cheetah.ExampleViewer.csproj", "{E57CE00A-EBF8-489B-A3F0-FE205C8D8D53}"
EndProject
Global
	GlobalSection(SolutionConfigurationPlatforms) = preSolution
		Debug|Any CPU = Debug|Any CPU
		Release|Any CPU = Release|Any CPU
	EndGlobalSection
	GlobalSection(ProjectConfigurationPlatforms) = postSolution
		{E57CE00A-EBF8-489B-A3F0-FE205C8D8D53}.Debug|Any CPU.ActiveCfg = Debug|Any CPU
		{E57CE00A-EBF8-489B-A3F0-FE205C8D8D53}.Debug|Any CPU.Build.0 = Debug|Any CPU
		{E57CE00A-EBF8-489B-A3F0-FE205C8D8D53}.Release|Any CPU.ActiveCfg = Release|Any CPU
		{E57CE00A-EBF8-489B-A3F0-FE205C8D8D53}.Release|Any CPU.Build.0 = Release|Any CPU
	EndGlobalSection
	GlobalSection(SolutionProperties) = preSolution
		HideSolutionNode = FALSE
	EndGlobalSection
EndGlobal
